{
  "name": "shell-deployer",
  "version": "1.6.6",
  "lockfileVersion": 3,
  "requires": true,
  "packages": {
    "": {
      "name": "shell-deployer",
      "version": "1.6.6",
      "license": "ISC",
      "bin": {
        "build-laravel": "build-laravel.sh",
        "build-nodejs": "build-nodejs.sh",
        "build-wordpress": "build-wordpress.sh",
        "deploy-laravel": "deploy-laravel.sh",
        "deploy-nodejs": "deploy-nodejs.sh",
        "deploy-wordpress": "deploy-wordpress.sh"
      }
    }
  }
}
